{
  "R": {
    "Version": "4.0.2",
    "Repositories": [
      {
        "Name": "RSPM",
        "URL": "https://colorado.rstudio.com/rspm/classroom/2143354"
      },
      {
        "Name": "CRAN",
        "URL": "https://colorado.rstudio.com/rspm/classroom/2143354"
      }
    ]
  },
  "Packages": {
    "renv": {
      "Package": "renv",
      "Version": "0.13.0",
      "Source": "Repository",
      "Repository": "RSPM",
      "Hash": "9f10d9db5b50400c348920c5c603385e"
    }
  }
}
